// !$*UTF8*$!
{
	archiveVersion = 1;
	classes = {
	};
	objectVersion = 55;
	objects = {

/* Begin PBXBuildFile section */
		3E3065F927FC198F00C69875 /* SwifUISearchBarApp.swift in Sources */ = {isa = PBXBuildFile; fileRef = 3E3065F827FC198F00C69875 /* SwifUISearchBarApp.swift */; };
		3E3065FB27FC198F00C69875 /* ContentView.swift in Sources */ = {isa = PBXBuildFile; fileRef = 3E3065FA27FC198F00C69875 /* ContentView.swift */; };
		3E3065FD27FC199000C69875 /* Assets.xcassets in Resources */ = {isa = PBXBuildFile; fileRef = 3E3065FC27FC199000C69875 /* Assets.xcassets */; };
		3E30660027FC199000C69875 /* Preview Assets.xcassets in Resources */ = {isa = PBXBuildFile; fileRef = 3E3065FF27FC199000C69875 /* Preview Assets.xcassets */; };
		3E30660A27FC199000C69875 /* SwifUISearchBarTests.swift in Sources */ = {isa = PBXBuildFile; fileRef = 3E30660927FC199000C69875 /* SwifUISearchBarTests.swift */; };
		3E30661427FC199000C69875 /* SwifUISearchBarUITests.swift in Sources */ = {isa = PBXBuildFile; fileRef = 3E30661327FC199000C69875 /* SwifUISearchBarUITests.swift */; };
		3E30661627FC199100C69875 /* SwifUISearchBarUITestsLaunchTests.swift in Sources */ = {isa = PBXBuildFile; fileRef = 3E30661527FC199100C69875 /* SwifUISearchBarUITestsLaunchTests.swift */; };
		3E30662527FC19D200C69875 /* ViewControllerResolver.swift in Sources */ = {isa = PBXBuildFile; fileRef = 3E30662327FC19D200C69875 /* ViewControllerResolver.swift */; };
		3E30662627FC19D200C69875 /* SearchBar.swift in Sources */ = {isa = PBXBuildFile; fileRef = 3E30662427FC19D200C69875 /* SearchBar.swift */; };
		3E30662827FC1A1200C69875 /* ViewModel.swift in Sources */ = {isa = PBXBuildFile; fileRef = 3E30662727FC1A1200C69875 /* ViewModel.swift */; };
/* End PBXBuildFile section */

/* Begin PBXContainerItemProxy section */
		3E30660627FC199000C69875 /* PBXContainerItemProxy */ = {
			isa = PBXContainerItemProxy;
			containerPortal = 3E3065ED27FC198F00C69875 /* Project object */;
			proxyType = 1;
			remoteGlobalIDString = 3E3065F427FC198F00C69875;
			remoteInfo = SwifUISearchBar;
		};
		3E30661027FC199000C69875 /* PBXContainerItemProxy */ = {
			isa = PBXContainerItemProxy;
			containerPortal = 3E3065ED27FC198F00C69875 /* Project object */;
			proxyType = 1;
			remoteGlobalIDString = 3E3065F427FC198F00C69875;
			remoteInfo = SwifUISearchBar;
		};
/* End PBXContainerItemProxy section */

/* Begin PBXFileReference section */
		3E3065F527FC198F00C69875 /* SwifUISearchBar.app */ = {isa = PBXFileReference; explicitFileType = wrapper.application; includeInIndex = 0; path = SwifUISearchBar.app; sourceTree = BUILT_PRODUCTS_DIR; };
		3E3065F827FC198F00C69875 /* SwifUISearchBarApp.swift */ = {isa = PBXFileReference; lastKnownFileType = sourcecode.swift; path = SwifUISearchBarApp.swift; sourceTree = "<group>"; };
		3E3065FA27FC198F00C69875 /* ContentView.swift */ = {isa = PBXFileReference; lastKnownFileType = sourcecode.swift; path = ContentView.swift; sourceTree = "<group>"; };
		3E3065FC27FC199000C69875 /* Assets.xcassets */ = {isa = PBXFileReference; lastKnownFileType = folder.assetcatalog; path = Assets.xcassets; sourceTree = "<group>"; };
		3E3065FF27FC199000C69875 /* Preview Assets.xcassets */ = {isa = PBXFileReference; lastKnownFileType = folder.assetcatalog; path = "Preview Assets.xcassets"; sourceTree = "<group>"; };
		3E30660527FC199000C69875 /* SwifUISearchBarTests.xctest */ = {isa = PBXFileReference; explicitFileType = wrapper.cfbundle; includeInIndex = 0; path = SwifUISearchBarTests.xctest; sourceTree = BUILT_PRODUCTS_DIR; };
		3E30660927FC199000C69875 /* SwifUISearchBarTests.swift */ = {isa = PBXFileReference; lastKnownFileType = sourcecode.swift; path = SwifUISearchBarTests.swift; sourceTree = "<group>"; };
		3E30660F27FC199000C69875 /* SwifUISearchBarUITests.xctest */ = {isa = PBXFileReference; explicitFileType = wrapper.cfbundle; includeInIndex = 0; path = SwifUISearchBarUITests.xctest; sourceTree = BUILT_PRODUCTS_DIR; };
		3E30661327FC199000C69875 /* SwifUISearchBarUITests.swift */ = {isa = PBXFileReference; lastKnownFileType = sourcecode.swift; path = SwifUISearchBarUITests.swift; sourceTree = "<group>"; };
		3E30661527FC199100C69875 /* SwifUISearchBarUITestsLaunchTests.swift */ = {isa = PBXFileReference; lastKnownFileType = sourcecode.swift; path = SwifUISearchBarUITestsLaunchTests.swift; sourceTree = "<group>"; };
		3E30662327FC19D200C69875 /* ViewControllerResolver.swift */ = {isa = PBXFileReference; fileEncoding = 4; lastKnownFileType = sourcecode.swift; path = ViewControllerResolver.swift; sourceTree = "<group>"; };
		3E30662427FC19D200C69875 /* SearchBar.swift */ = {isa = PBXFileReference; fileEncoding = 4; lastKnownFileType = sourcecode.swift; path = SearchBar.swift; sourceTree = "<group>"; };
		3E30662727FC1A1200C69875 /* ViewModel.swift */ = {isa = PBXFileReference; lastKnownFileType = sourcecode.swift; path = ViewModel.swift; sourceTree = "<group>"; };
/* End PBXFileReference section */

/* Begin PBXFrameworksBuildPhase section */
		3E3065F227FC198F00C69875 /* Frameworks */ = {
			isa = PBXFrameworksBuildPhase;
			buildActionMask = 2147483647;
			files = (
			);
			runOnlyForDeploymentPostprocessing = 0;
		};
		3E30660227FC199000C69875 /* Frameworks */ = {
			isa = PBXFrameworksBuildPhase;
			buildActionMask = 2147483647;
			files = (
			);
			runOnlyForDeploymentPostprocessing = 0;
		};
		3E30660C27FC199000C69875 /* Frameworks */ = {
			isa = PBXFrameworksBuildPhase;
			buildActionMask = 2147483647;
			files = (
			);
			runOnlyForDeploymentPostprocessing = 0;
		};
/* End PBXFrameworksBuildPhase section */

/* Begin PBXGroup section */
		3E3065EC27FC198F00C69875 = {
			isa = PBXGroup;
			children = (
				3E3065F727FC198F00C69875 /* SwifUISearchBar */,
				3E30660827FC199000C69875 /* SwifUISearchBarTests */,
				3E30661227FC199000C69875 /* SwifUISearchBarUITests */,
				3E3065F627FC198F00C69875 /* Products */,
			);
			sourceTree = "<group>";
		};
		3E3065F627FC198F00C69875 /* Products */ = {
			isa = PBXGroup;
			children = (
				3E3065F527FC198F00C69875 /* SwifUISearchBar.app */,
				3E30660527FC199000C69875 /* SwifUISearchBarTests.xctest */,
				3E30660F27FC199000C69875 /* SwifUISearchBarUITests.xctest */,
			);
			name = Products;
			sourceTree = "<group>";
		};
		3E3065F727FC198F00C69875 /* SwifUISearchBar */ = {
			isa = PBXGroup;
			children = (
				3E30662227FC19D200C69875 /* SearchBar */,
				3E3065F827FC198F00C69875 /* SwifUISearchBarApp.swift */,
				3E3065FA27FC198F00C69875 /* ContentView.swift */,
				3E3065FC27FC199000C69875 /* Assets.xcassets */,
				3E3065FE27FC199000C69875 /* Preview Content */,
				3E30662727FC1A1200C69875 /* ViewModel.swift */,
			);
			path = SwifUISearchBar;
			sourceTree = "<group>";
		};
		3E3065FE27FC199000C69875 /* Preview Content */ = {
			isa = PBXGroup;
			children = (
				3E3065FF27FC199000C69875 /* Preview Assets.xcassets */,
			);
			path = "Preview Content";
			sourceTree = "<group>";
		};
		3E30660827FC199000C69875 /* SwifUISearchBarTests */ = {
			isa = PBXGroup;
			children = (
				3E30660927FC199000C69875 /* SwifUISearchBarTests.swift */,
			);
			path = SwifUISearchBarTests;
			sourceTree = "<group>";
		};
		3E30661227FC199000C69875 /* SwifUISearchBarUITests */ = {
			isa = PBXGroup;
			children = (
				3E30661327FC199000C69875 /* SwifUISearchBarUITests.swift */,
				3E30661527FC199100C69875 /* SwifUISearchBarUITestsLaunchTests.swift */,
			);
			path = SwifUISearchBarUITests;
			sourceTree = "<group>";
		};
		3E30662227FC19D200C69875 /* SearchBar */ = {
			isa = PBXGroup;
			children = (
				3E30662327FC19D200C69875 /* ViewControllerResolver.swift */,
				3E30662427FC19D200C69875 /* SearchBar.swift */,
			);
			path = SearchBar;
			sourceTree = "<group>";
		};
/* End PBXGroup section */

/* Begin PBXNativeTarget section */
		3E3065F427FC198F00C69875 /* SwifUISearchBar */ = {
			isa = PBXNativeTarget;
			buildConfigurationList = 3E30661927FC199100C69875 /* Build configuration list for PBXNativeTarget "SwifUISearchBar" */;
			buildPhases = (
				3E3065F127FC198F00C69875 /* Sources */,
				3E3065F227FC198F00C69875 /* Frameworks */,
				3E3065F327FC198F00C69875 /* Resources */,
			);
			buildRules = (
			);
			dependencies = (
			);
			name = SwifUISearchBar;
			productName = SwifUISearchBar;
			productReference = 3E3065F527FC198F00C69875 /* SwifUISearchBar.app */;
			productType = "com.apple.product-type.application";
		};
		3E30660427FC199000C69875 /* SwifUISearchBarTests */ = {
			isa = PBXNativeTarget;
			buildConfigurationList = 3E30661C27FC199100C69875 /* Build configuration list for PBXNativeTarget "SwifUISearchBarTests" */;
			buildPhases = (
				3E30660127FC199000C69875 /* Sources */,
				3E30660227FC199000C69875 /* Frameworks */,
				3E30660327FC199000C69875 /* Resources */,
			);
			buildRules = (
			);
			dependencies = (
				3E30660727FC199000C69875 /* PBXTargetDependency */,
			);
			name = SwifUISearchBarTests;
			productName = SwifUISearchBarTests;
			productReference = 3E30660527FC199000C69875 /* SwifUISearchBarTests.xctest */;
			productType = "com.apple.product-type.bundle.unit-test";
		};
		3E30660E27FC199000C69875 /* SwifUISearchBarUITests */ = {
			isa = PBXNativeTarget;
			buildConfigurationList = 3E30661F27FC199100C69875 /* Build configuration list for PBXNativeTarget "SwifUISearchBarUITests" */;
			buildPhases = (
				3E30660B27FC199000C69875 /* Sources */,
				3E30660C27FC199000C69875 /* Frameworks */,
				3E30660D27FC199000C69875 /* Resources */,
			);
			buildRules = (
			);
			dependencies = (
				3E30661127FC199000C69875 /* PBXTargetDependency */,
			);
			name = SwifUISearchBarUITests;
			productName = SwifUISearchBarUITests;
			productReference = 3E30660F27FC199000C69875 /* SwifUISearchBarUITests.xctest */;
			productType = "com.apple.product-type.bundle.ui-testing";
		};
/* End PBXNativeTarget section */

/* Begin PBXProject section */
		3E3065ED27FC198F00C69875 /* Project object */ = {
			isa = PBXProject;
			attributes = {
				BuildIndependentTargetsInParallel = 1;
				LastSwiftUpdateCheck = 1320;
				LastUpgradeCheck = 1320;
				TargetAttributes = {
					3E3065F427FC198F00C69875 = {
						CreatedOnToolsVersion = 13.2;
					};
					3E30660427FC199000C69875 = {
						CreatedOnToolsVersion = 13.2;
						TestTargetID = 3E3065F427FC198F00C69875;
					};
					3E30660E27FC199000C69875 = {
						CreatedOnToolsVersion = 13.2;
						TestTargetID = 3E3065F427FC198F00C69875;
					};
				};
			};
			buildConfigurationList = 3E3065F027FC198F00C69875 /* Build configuration list for PBXProject "SwifUISearchBar" */;
			compatibilityVersion = "Xcode 13.0";
			developmentRegion = en;
			hasScannedForEncodings = 0;
			knownRegions = (
				en,
				Base,
			);
			mainGroup = 3E3065EC27FC198F00C69875;
			productRefGroup = 3E3065F627FC198F00C69875 /* Products */;
			projectDirPath = "";
			projectRoot = "";
			targets = (
				3E3065F427FC198F00C69875 /* SwifUISearchBar */,
				3E30660427FC199000C69875 /* SwifUISearchBarTests */,
				3E30660E27FC199000C69875 /* SwifUISearchBarUITests */,
			);
		};
/* End PBXProject section */

/* Begin PBXResourcesBuildPhase section */
		3E3065F327FC198F00C69875 /* Resources */ = {
			isa = PBXResourcesBuildPhase;
			buildActionMask = 2147483647;
			files = (
				3E30660027FC199000C69875 /* Preview Assets.xcassets in Resources */,
				3E3065FD27FC199000C69875 /* Assets.xcassets in Resources */,
			);
			runOnlyForDeploymentPostprocessing = 0;
		};
		3E30660327FC199000C69875 /* Resources */ = {
			isa = PBXResourcesBuildPhase;
			buildActionMask = 2147483647;
			files = (
			);
			runOnlyForDeploymentPostprocessing = 0;
		};
		3E30660D27FC199000C69875 /* Resources */ = {
			isa = PBXResourcesBuildPhase;
			buildActionMask = 2147483647;
			files = (
			);
			runOnlyForDeploymentPostprocessing = 0;
		};
/* End PBXResourcesBuildPhase section */

/* Begin PBXSourcesBuildPhase section */
		3E3065F127FC198F00C69875 /* Sources */ = {
			isa = PBXSourcesBuildPhase;
			buildActionMask = 2147483647;
			files = (
				3E30662827FC1A1200C69875 /* ViewModel.swift in Sources */,
				3E3065FB27FC198F00C69875 /* ContentView.swift in Sources */,
				3E30662627FC19D200C69875 /* SearchBar.swift in Sources */,
				3E30662527FC19D200C69875 /* ViewControllerResolver.swift in Sources */,
				3E3065F927FC198F00C69875 /* SwifUISearchBarApp.swift in Sources */,
			);
			runOnlyForDeploymentPostprocessing = 0;
		};
		3E30660127FC199000C69875 /* Sources */ = {
			isa = PBXSourcesBuildPhase;
			buildActionMask = 2147483647;
			files = (
				3E30660A27FC199000C69875 /* SwifUISearchBarTests.swift in Sources */,
			);
			runOnlyForDeploymentPostprocessing = 0;
		};
		3E30660B27FC199000C69875 /* Sources */ = {
			isa = PBXSourcesBuildPhase;
			buildActionMask = 2147483647;
			files = (
				3E30661427FC199000C69875 /* SwifUISearchBarUITests.swift in Sources */,
				3E30661627FC199100C69875 /* SwifUISearchBarUITestsLaunchTests.swift in Sources */,
			);
			runOnlyForDeploymentPostprocessing = 0;
		};
/* End PBXSourcesBuildPhase section */

/* Begin PBXTargetDependency section */
		3E30660727FC199000C69875 /* PBXTargetDependency */ = {
			isa = PBXTargetDependency;
			target = 3E3065F427FC198F00C69875 /* SwifUISearchBar */;
			targetProxy = 3E30660627FC199000C69875 /* PBXContainerItemProxy */;
		};
		3E30661127FC199000C69875 /* PBXTargetDependency */ = {
			isa = PBXTargetDependency;
			target = 3E3065F427FC198F00C69875 /* SwifUISearchBar */;
			targetProxy = 3E30661027FC199000C69875 /* PBXContainerItemProxy */;
		};
/* End PBXTargetDependency section */

/* Begin XCBuildConfiguration section */
		3E30661727FC199100C69875 /* Debug */ = {
			isa = XCBuildConfiguration;
			buildSettings = {
				ALWAYS_SEARCH_USER_PATHS = NO;
				CLANG_ANALYZER_NONNULL = YES;
				CLANG_ANALYZER_NUMBER_OBJECT_CONVERSION = YES_AGGRESSIVE;
				CLANG_CXX_LANGUAGE_STANDARD = "gnu++17";
				CLANG_CXX_LIBRARY = "libc++";
				CLANG_ENABLE_MODULES = YES;
				CLANG_ENABLE_OBJC_ARC = YES;
				CLANG_ENABLE_OBJC_WEAK = YES;
				CLANG_WARN_BLOCK_CAPTURE_AUTORELEASING = YES;
				CLANG_WARN_BOOL_CONVERSION = YES;
				CLANG_WARN_COMMA = YES;
				CLANG_WARN_CONSTANT_CONVERSION = YES;
				CLANG_WARN_DEPRECATED_OBJC_IMPLEMENTATIONS = YES;
				CLANG_WARN_DIRECT_OBJC_ISA_USAGE = YES_ERROR;
				CLANG_WARN_DOCUMENTATION_COMMENTS = YES;
				CLANG_WARN_EMPTY_BODY = YES;
				CLANG_WARN_ENUM_CONVERSION = YES;
				CLANG_WARN_INFINITE_RECURSION = YES;
				CLANG_WARN_INT_CONVERSION = YES;
				CLANG_WARN_NON_LITERAL_NULL_CONVERSION = YES;
				CLANG_WARN_OBJC_IMPLICIT_RETAIN_SELF = YES;
				CLANG_WARN_OBJC_LITERAL_CONVERSION = YES;
				CLANG_WARN_OBJC_ROOT_CLASS = YES_ERROR;
				CLANG_WARN_QUOTED_INCLUDE_IN_FRAMEWORK_HEADER = YES;
				CLANG_WARN_RANGE_LOOP_ANALYSIS = YES;
				CLANG_WARN_STRICT_PROTOTYPES = YES;
				CLANG_WARN_SUSPICIOUS_MOVE = YES;
				CLANG_WARN_UNGUARDED_AVAILABILITY = YES_AGGRESSIVE;
				CLANG_WARN_UNREACHABLE_CODE = YES;
				CLANG_WARN__DUPLICATE_METHOD_MATCH = YES;
				COPY_PHASE_STRIP = NO;
				DEBUG_INFORMATION_FORMAT = dwarf;
				ENABLE_STRICT_OBJC_MSGSEND = YES;
				ENABLE_TESTABILITY = YES;
				GCC_C_LANGUAGE_STANDARD = gnu11;
				GCC_DYNAMIC_NO_PIC = NO;
				GCC_NO_COMMON_BLOCKS = YES;
				GCC_OPTIMIZATION_LEVEL = 0;
				GCC_PREPROCESSOR_DEFINITIONS = (
					"DEBUG=1",
					"$(inherited)",
				);
				GCC_WARN_64_TO_32_BIT_CONVERSION = YES;
				GCC_WARN_ABOUT_RETURN_TYPE = YES_ERROR;
				GCC_WARN_UNDECLARED_SELECTOR = YES;
				GCC_WARN_UNINITIALIZED_AUTOS = YES_AGGRESSIVE;
				GCC_WARN_UNUSED_FUNCTION = YES;
				GCC_WARN_UNUSED_VARIABLE = YES;
				IPHONEOS_DEPLOYMENT_TARGET = 14.0;
				MTL_ENABLE_DEBUG_INFO = INCLUDE_SOURCE;
				MTL_FAST_MATH = YES;
				ONLY_ACTIVE_ARCH = YES;
				SDKROOT = iphoneos;
				SWIFT_ACTIVE_COMPILATION_CONDITIONS = DEBUG;
				SWIFT_OPTIMIZATION_LEVEL = "-Onone";
			};
			name = Debug;
		};
		3E30661827FC199100C69875 /* Release */ = {
			isa = XCBuildConfiguration;
			buildSettings = {
				ALWAYS_SEARCH_USER_PATHS = NO;
				CLANG_ANALYZER_NONNULL = YES;
				CLANG_ANALYZER_NUMBER_OBJECT_CONVERSION = YES_AGGRESSIVE;
				CLANG_CXX_LANGUAGE_STANDARD = "gnu++17";
				CLANG_CXX_LIBRARY = "libc++";
				CLANG_ENABLE_MODULES = YES;
				CLANG_ENABLE_OBJC_ARC = YES;
				CLANG_ENABLE_OBJC_WEAK = YES;
				CLANG_WARN_BLOCK_CAPTURE_AUTORELEASING = YES;
				CLANG_WARN_BOOL_CONVERSION = YES;
				CLANG_WARN_COMMA = YES;
				CLANG_WARN_CONSTANT_CONVERSION = YES;
				CLANG_WARN_DEPRECATED_OBJC_IMPLEMENTATIONS = YES;
				CLANG_WARN_DIRECT_OBJC_ISA_USAGE = YES_ERROR;
				CLANG_WARN_DOCUMENTATION_COMMENTS = YES;
				CLANG_WARN_EMPTY_BODY = YES;
				CLANG_WARN_ENUM_CONVERSION = YES;
				CLANG_WARN_INFINITE_RECURSION = YES;
				CLANG_WARN_INT_CONVERSION = YES;
				CLANG_WARN_NON_LITERAL_NULL_CONVERSION = YES;
				CLANG_WARN_OBJC_IMPLICIT_RETAIN_SELF = YES;
				CLANG_WARN_OBJC_LITERAL_CONVERSION = YES;
				CLANG_WARN_OBJC_ROOT_CLASS = YES_ERROR;
				CLANG_WARN_QUOTED_INCLUDE_IN_FRAMEWORK_HEADER = YES;
				CLANG_WARN_RANGE_LOOP_ANALYSIS = YES;
				CLANG_WARN_STRICT_PROTOTYPES = YES;
				CLANG_WARN_SUSPICIOUS_MOVE = YES;
				CLANG_WARN_UNGUARDED_AVAILABILITY = YES_AGGRESSIVE;
				CLANG_WARN_UNREACHABLE_CODE = YES;
				CLANG_WARN__DUPLICATE_METHOD_MATCH = YES;
				COPY_PHASE_STRIP = NO;
				DEBUG_INFORMATION_FORMAT = "dwarf-with-dsym";
				ENABLE_NS_ASSERTIONS = NO;
				ENABLE_STRICT_OBJC_MSGSEND = YES;
				GCC_C_LANGUAGE_STANDARD = gnu11;
				GCC_NO_COMMON_BLOCKS = YES;
				GCC_WARN_64_TO_32_BIT_CONVERSION = YES;
				GCC_WARN_ABOUT_RETURN_TYPE = YES_ERROR;
				GCC_WARN_UNDECLARED_SELECTOR = YES;
				GCC_WARN_UNINITIALIZED_AUTOS = YES_AGGRESSIVE;
				GCC_WARN_UNUSED_FUNCTION = YES;
				GCC_WARN_UNUSED_VARIABLE = YES;
				IPHONEOS_DEPLOYMENT_TARGET = 14.0;
				MTL_ENABLE_DEBUG_INFO = NO;
				MTL_FAST_MATH = YES;
				SDKROOT = iphoneos;
				SWIFT_COMPILATION_MODE = wholemodule;
				SWIFT_OPTIMIZATION_LEVEL = "-O";
				VALIDATE_PRODUCT = YES;
			};
			name = Release;
		};
		3E30661A27FC199100C69875 /* Debug */ = {
			isa = XCBuildConfiguration;
			buildSettings = {
				ASSETCATALOG_COMPILER_APPICON_NAME = AppIcon;
				ASSETCATALOG_COMPILER_GLOBAL_ACCENT_COLOR_NAME = AccentColor;
				CODE_SIGN_STYLE = Automatic;
				CURRENT_PROJECT_VERSION = 1;
				DEVELOPMENT_ASSET_PATHS = "\"SwifUISearchBar/Preview Content\"";
				DEVELOPMENT_TEAM = JJ6TYABCNK;
				ENABLE_PREVIEWS = YES;
				GENERATE_INFOPLIST_FILE = YES;
				INFOPLIST_KEY_UIApplicationSceneManifest_Generation = YES;
				INFOPLIST_KEY_UIApplicationSupportsIndirectInputEvents = YES;
				INFOPLIST_KEY_UILaunchScreen_Generation = YES;
				INFOPLIST_KEY_UISupportedInterfaceOrientations_iPad = "UIInterfaceOrientationPortrait UIInterfaceOrientationPortraitUpsideDown UIInterfaceOrientationLandscapeLeft UIInterfaceOrientationLandscapeRight";
				INFOPLIST_KEY_UISupportedInterfaceOrientations_iPhone = "UIInterfaceOrientationPortrait UIInterfaceOrientationLandscapeLeft UIInterfaceOrientationLandscapeRight";
				IPHONEOS_DEPLOYMENT_TARGET = 14.0;
				LD_RUNPATH_SEARCH_PATHS = (
					"$(inherited)",
					"@executable_path/Frameworks",
				);
				MARKETING_VERSION = 1.0;
				PRODUCT_BUNDLE_IDENTIFIER = com.kkk.SwifUISearchBar;
				PRODUCT_NAME = "$(TARGET_NAME)";
				SWIFT_EMIT_LOC_STRINGS = YES;
				SWIFT_VERSION = 5.0;
				TARGETED_DEVICE_FAMILY = "1,2";
			};
			name = Debug;
		};
		3E30661B27FC199100C69875 /* Release */ = {
			isa = XCBuildConfiguration;
			buildSettings = {
				ASSETCATALOG_COMPILER_APPICON_NAME = AppIcon;
				ASSETCATALOG_COMPILER_GLOBAL_ACCENT_COLOR_NAME = AccentColor;
				CODE_SIGN_STYLE = Automatic;
				CURRENT_PROJECT_VERSION = 1;
				DEVELOPMENT_ASSET_PATHS = "\"SwifUISearchBar/Preview Content\"";
				DEVELOPMENT_TEAM = JJ6TYABCNK;
				ENABLE_PREVIEWS = YES;
				GENERATE_INFOPLIST_FILE = YES;
				INFOPLIST_KEY_UIApplicationSceneManifest_Generation = YES;
				INFOPLIST_KEY_UIApplicationSupportsIndirectInputEvents = YES;
				INFOPLIST_KEY_UILaunchScreen_Generation = YES;
				INFOPLIST_KEY_UISupportedInterfaceOrientations_iPad = "UIInterfaceOrientationPortrait UIInterfaceOrientationPortraitUpsideDown UIInterfaceOrientationLandscapeLeft UIInterfaceOrientationLandscapeRight";
				INFOPLIST_KEY_UISupportedInterfaceOrientations_iPhone = "UIInterfaceOrientationPortrait UIInterfaceOrientationLandscapeLeft UIInterfaceOrientationLandscapeRight";
				IPHONEOS_DEPLOYMENT_TARGET = 14.0;
				LD_RUNPATH_SEARCH_PATHS = (
					"$(inherited)",
					"@executable_path/Frameworks",
				);
				MARKETING_VERSION = 1.0;
				PRODUCT_BUNDLE_IDENTIFIER = com.kkk.SwifUISearchBar;
				PRODUCT_NAME = "$(TARGET_NAME)";
				SWIFT_EMIT_LOC_STRINGS = YES;
				SWIFT_VERSION = 5.0;
				TARGETED_DEVICE_FAMILY = "1,2";
			};
			name = Release;
		};
		3E30661D27FC199100C69875 /* Debug */ = {
			isa = XCBuildConfiguration;
			buildSettings = {
				ALWAYS_EMBED_SWIFT_STANDARD_LIBRARIES = YES;
				BUNDLE_LOADER = "$(TEST_HOST)";
				CODE_SIGN_STYLE = Automatic;
				CURRENT_PROJECT_VERSION = 1;
				DEVELOPMENT_TEAM = JJ6TYABCNK;
				GENERATE_INFOPLIST_FILE = YES;
				IPHONEOS_DEPLOYMENT_TARGET = 15.2;
				MARKETING_VERSION = 1.0;
				PRODUCT_BUNDLE_IDENTIFIER = com.kkk.SwifUISearchBarTests;
				PRODUCT_NAME = "$(TARGET_NAME)";
				SWIFT_EMIT_LOC_STRINGS = NO;
				SWIFT_VERSION = 5.0;
				TARGETED_DEVICE_FAMILY = "1,2";
				TEST_HOST = "$(BUILT_PRODUCTS_DIR)/SwifUISearchBar.app/SwifUISearchBar";
			};
			name = Debug;
		};
		3E30661E27FC199100C69875 /* Release */ = {
			isa = XCBuildConfiguration;
			buildSettings = {
				ALWAYS_EMBED_SWIFT_STANDARD_LIBRARIES = YES;
				BUNDLE_LOADER = "$(TEST_HOST)";
				CODE_SIGN_STYLE = Automatic;
				CURRENT_PROJECT_VERSION = 1;
				DEVELOPMENT_TEAM = JJ6TYABCNK;
				GENERATE_INFOPLIST_FILE = YES;
				IPHONEOS_DEPLOYMENT_TARGET = 15.2;
				MARKETING_VERSION = 1.0;
				PRODUCT_BUNDLE_IDENTIFIER = com.kkk.SwifUISearchBarTests;
				PRODUCT_NAME = "$(TARGET_NAME)";
				SWIFT_EMIT_LOC_STRINGS = NO;
				SWIFT_VERSION = 5.0;
				TARGETED_DEVICE_FAMILY = "1,2";
				TEST_HOST = "$(BUILT_PRODUCTS_DIR)/SwifUISearchBar.app/SwifUISearchBar";
			};
			name = Release;
		};
		3E30662027FC199100C69875 /* Debug */ = {
			isa = XCBuildConfiguration;
			buildSettings = {
				ALWAYS_EMBED_SWIFT_STANDARD_LIBRARIES = YES;
				CODE_SIGN_STYLE = Automatic;
				CURRENT_PROJECT_VERSION = 1;
				DEVELOPMENT_TEAM = JJ6TYABCNK;
				GENERATE_INFOPLIST_FILE = YES;
				MARKETING_VERSION = 1.0;
				PRODUCT_BUNDLE_IDENTIFIER = com.kkk.SwifUISearchBarUITests;
				PRODUCT_NAME = "$(TARGET_NAME)";
				SWIFT_EMIT_LOC_STRINGS = NO;
				SWIFT_VERSION = 5.0;
				TARGETED_DEVICE_FAMILY = "1,2";
				TEST_TARGET_NAME = SwifUISearchBar;
			};
			name = Debug;
		};
		3E30662127FC199100C69875 /* Release */ = {
			isa = XCBuildConfiguration;
			buildSettings = {
				ALWAYS_EMBED_SWIFT_STANDARD_LIBRARIES = YES;
				CODE_SIGN_STYLE = Automatic;
				CURRENT_PROJECT_VERSION = 1;
				DEVELOPMENT_TEAM = JJ6TYABCNK;
				GENERATE_INFOPLIST_FILE = YES;
				MARKETING_VERSION = 1.0;
				PRODUCT_BUNDLE_IDENTIFIER = com.kkk.SwifUISearchBarUITests;
				PRODUCT_NAME = "$(TARGET_NAME)";
				SWIFT_EMIT_LOC_STRINGS = NO;
				SWIFT_VERSION = 5.0;
				TARGETED_DEVICE_FAMILY = "1,2";
				TEST_TARGET_NAME = SwifUISearchBar;
			};
			name = Release;
		};
/* End XCBuildConfiguration section */

/* Begin XCConfigurationList section */
		3E3065F027FC198F00C69875 /* Build configuration list for PBXProject "SwifUISearchBar" */ = {
			isa = XCConfigurationList;
			buildConfigurations = (
				3E30661727FC199100C69875 /* Debug */,
				3E30661827FC199100C69875 /* Release */,
			);
			defaultConfigurationIsVisible = 0;
			defaultConfigurationName = Release;
		};
		3E30661927FC199100C69875 /* Build configuration list for PBXNativeTarget "SwifUISearchBar" */ = {
			isa = XCConfigurationList;
			buildConfigurations = (
				3E30661A27FC199100C69875 /* Debug */,
				3E30661B27FC199100C69875 /* Release */,
			);
			defaultConfigurationIsVisible = 0;
			defaultConfigurationName = Release;
		};
		3E30661C27FC199100C69875 /* Build configuration list for PBXNativeTarget "SwifUISearchBarTests" */ = {
			isa = XCConfigurationList;
			buildConfigurations = (
				3E30661D27FC199100C69875 /* Debug */,
				3E30661E27FC199100C69875 /* Release */,
			);
			defaultConfigurationIsVisible = 0;
			defaultConfigurationName = Release;
		};
		3E30661F27FC199100C69875 /* Build configuration list for PBXNativeTarget "SwifUISearchBarUITests" */ = {
			isa = XCConfigurationList;
			buildConfigurations = (
				3E30662027FC199100C69875 /* Debug */,
				3E30662127FC199100C69875 /* Release */,
			);
			defaultConfigurationIsVisible = 0;
			defaultConfigurationName = Release;
		};
/* End XCConfigurationList section */
	};
	rootObject = 3E3065ED27FC198F00C69875 /* Project object */;
}
